
Microsoft Visual Studio Solution File, Format Version 12.00
# Visual Studio Version 16
VisualStudioVersion = 16.0.30320.27
MinimumVisualStudioVersion = 10.0.40219.1
Project("{9A19103F-16F7-4668-BE54-9A1E7A4F7556}") = "RogueSquad", "RogueSquad.csproj", "{2A076656-B02B-440E-A3D0-EB5ADE9A5472}"
EndProject
Project("{9A19103F-16F7-4668-BE54-9A1E7A4F7556}") = "RogueSquadLib", "..\RogueSquadLib\RogueSquadLib.csproj", "{30721063-76A7-40A6-ACC7-0C438F91225F}"
EndProject
Project("{2150E333-8FDC-42A3-9474-1A3956D46DE8}") = "DocRefs", "DocRefs", "{6E48F96E-4D10-4063-98F1-6739129C6409}"
	ProjectSection(SolutionItems) = preProject
		D:\OneDrive\GameDev\Design\RogueSquadDesign.md = D:\OneDrive\GameDev\Design\RogueSquadDesign.md
	EndProjectSection
EndProject
Global
	GlobalSection(SolutionConfigurationPlatforms) = preSolution
		Debug|Any CPU = Debug|Any CPU
		Release|Any CPU = Release|Any CPU
	EndGlobalSection
	GlobalSection(ProjectConfigurationPlatforms) = postSolution
		{2A076656-B02B-440E-A3D0-EB5ADE9A5472}.Debug|Any CPU.ActiveCfg = Debug|Any CPU
		{2A076656-B02B-440E-A3D0-EB5ADE9A5472}.Debug|Any CPU.Build.0 = Debug|Any CPU
		{2A076656-B02B-440E-A3D0-EB5ADE9A5472}.Release|Any CPU.ActiveCfg = Release|Any CPU
		{2A076656-B02B-440E-A3D0-EB5ADE9A5472}.Release|Any CPU.Build.0 = Release|Any CPU
		{30721063-76A7-40A6-ACC7-0C438F91225F}.Debug|Any CPU.ActiveCfg = Debug|Any CPU
		{30721063-76A7-40A6-ACC7-0C438F91225F}.Debug|Any CPU.Build.0 = Debug|Any CPU
		{30721063-76A7-40A6-ACC7-0C438F91225F}.Release|Any CPU.ActiveCfg = Release|Any CPU
		{30721063-76A7-40A6-ACC7-0C438F91225F}.Release|Any CPU.Build.0 = Release|Any CPU
	EndGlobalSection
	GlobalSection(SolutionProperties) = preSolution
		HideSolutionNode = FALSE
	EndGlobalSection
	GlobalSection(ExtensibilityGlobals) = postSolution
		SolutionGuid = {2CD585C7-D418-4A2C-8122-EC6237F680C0}
	EndGlobalSection
EndGlobal
