
Microsoft Visual Studio Solution File, Format Version 12.00
# Visual Studio 15
VisualStudioVersion = 15.0.27004.2009
MinimumVisualStudioVersion = 10.0.40219.1
Project("{FAE04EC0-301F-11D3-BF4B-00C04F79EFBC}") = "RogueSquad.Client.Dx", "RogueSquad.Client.Dx\RogueSquad.Client.Dx.csproj", "{761A0EE9-608A-4428-80E8-0E65E011C3A8}"
EndProject
Project("{2150E333-8FDC-42A3-9474-1A3956D46DE8}") = "Client", "Client", "{8ABCC8B0-B5AC-438E-BDC2-3BF6C72B282B}"
EndProject
Project("{2150E333-8FDC-42A3-9474-1A3956D46DE8}") = "External Libs", "External Libs", "{78FD5ACC-C789-428C-9B9F-BE28F7486063}"
EndProject
Project("{FAE04EC0-301F-11D3-BF4B-00C04F79EFBC}") = "MonoGame.Extended", "..\MonoGame.Extended\Source\MonoGame.Extended\MonoGame.Extended.csproj", "{41724C52-3D50-45BB-81EB-3C8A247EAFD1}"
EndProject
Project("{FAE04EC0-301F-11D3-BF4B-00C04F79EFBC}") = "MonoGame.Extended.Animations", "..\MonoGame.Extended\Source\MonoGame.Extended.Animations\MonoGame.Extended.Animations.csproj", "{587CE536-216F-41A1-B223-AE502C125B09}"
EndProject
Project("{FAE04EC0-301F-11D3-BF4B-00C04F79EFBC}") = "MonoGame.Extended.Collisions", "..\MonoGame.Extended\Source\MonoGame.Extended.Collisions\MonoGame.Extended.Collisions.csproj", "{02562C6F-5BFB-467E-8A95-68B6CE2D635A}"
EndProject
Project("{FAE04EC0-301F-11D3-BF4B-00C04F79EFBC}") = "MonoGame.Extended.Entities", "..\MonoGame.Extended\Source\MonoGame.Extended.Entities\MonoGame.Extended.Entities.csproj", "{35FD1F05-AF04-469A-B37A-F9B36C34401C}"
EndProject
Project("{FAE04EC0-301F-11D3-BF4B-00C04F79EFBC}") = "MonoGame.Extended.Graphics", "..\MonoGame.Extended\Source\MonoGame.Extended.Graphics\MonoGame.Extended.Graphics.csproj", "{9B3AB8A1-78AA-471A-AFD0-B10B932115BC}"
EndProject
Project("{FAE04EC0-301F-11D3-BF4B-00C04F79EFBC}") = "MonoGame.Extended.Gui", "..\MonoGame.Extended\Source\MonoGame.Extended.Gui\MonoGame.Extended.Gui.csproj", "{8E425575-378A-4F83-88C9-F8BEBAD227C9}"
EndProject
Project("{FAE04EC0-301F-11D3-BF4B-00C04F79EFBC}") = "MonoGame.Extended.Input", "..\MonoGame.Extended\Source\MonoGame.Extended.Input\MonoGame.Extended.Input.csproj", "{49C87598-994C-49B5-BBB3-7FFC342635D3}"
EndProject
Project("{FAE04EC0-301F-11D3-BF4B-00C04F79EFBC}") = "MonoGame.Extended.Particles", "..\MonoGame.Extended\Source\MonoGame.Extended.Particles\MonoGame.Extended.Particles.csproj", "{6C8B9E29-D09B-4901-80FD-45AAA35882C6}"
EndProject
Project("{FAE04EC0-301F-11D3-BF4B-00C04F79EFBC}") = "MonoGame.Extended.SceneGraphs", "..\MonoGame.Extended\Source\MonoGame.Extended.SceneGraphs\MonoGame.Extended.SceneGraphs.csproj", "{FE61C3D7-D96D-4AA4-9EF1-17E457BB2C7C}"
EndProject
Project("{FAE04EC0-301F-11D3-BF4B-00C04F79EFBC}") = "MonoGame.Extended.Tiled", "..\MonoGame.Extended\Source\MonoGame.Extended.Tiled\MonoGame.Extended.Tiled.csproj", "{07B2ADE2-73E3-41C4-AEA1-D5566A5AB902}"
EndProject
Project("{FAE04EC0-301F-11D3-BF4B-00C04F79EFBC}") = "MonoGame.Extended.Tweening", "..\MonoGame.Extended\Source\MonoGame.Extended.Tweening\MonoGame.Extended.Tweening.csproj", "{1CF61F4F-A2EE-49BF-95D0-379E870DE90E}"
EndProject
Project("{FAE04EC0-301F-11D3-BF4B-00C04F79EFBC}") = "Humper", "..\Humper\Sources\Humper\Humper.csproj", "{1DD7D455-8710-44A5-B275-8606EB78D80E}"
EndProject
Project("{D954291E-2A0B-460D-934E-DC6B0785DB48}") = "RogueSquad.Shared", "RogueSquad.Shared\RogueSquad.Shared.shproj", "{A0CDBD0E-3A41-42B7-9425-A838BC2C7383}"
EndProject
Project("{FAE04EC0-301F-11D3-BF4B-00C04F79EFBC}") = "RogueSquad.Core", "RogueSquad.Core\RogueSquad.Core.csproj", "{668FFB7F-8DE2-4704-989D-443B1D77E20A}"
EndProject
Project("{FAE04EC0-301F-11D3-BF4B-00C04F79EFBC}") = "Pathfinding Demo", "..\A-Pathfinding-and-movement-system-demo\Pathfinding Demo\Pathfinding Demo\Pathfinding Demo.csproj", "{F4F4BA08-2CED-4B59-AF67-9070EE8B3A87}"
EndProject
Project("{FAE04EC0-301F-11D3-BF4B-00C04F79EFBC}") = "RogueSquad.Client.Uwp", "RogueSquad.Client.Uwp\RogueSquad.Client.Uwp.csproj", "{58FDD9BC-9A26-48B2-81DF-92B578AF7E38}"
EndProject
Global
	GlobalSection(SharedMSBuildProjectFiles) = preSolution
		RogueSquad.Shared\RogueSquad.Shared.projitems*{a0cdbd0e-3a41-42b7-9425-a838bc2c7383}*SharedItemsImports = 13
	EndGlobalSection
	GlobalSection(SolutionConfigurationPlatforms) = preSolution
		Debug|Any CPU = Debug|Any CPU
		Debug|ARM = Debug|ARM
		Debug|x64 = Debug|x64
		Debug|x86 = Debug|x86
		Release|Any CPU = Release|Any CPU
		Release|ARM = Release|ARM
		Release|x64 = Release|x64
		Release|x86 = Release|x86
	EndGlobalSection
	GlobalSection(ProjectConfigurationPlatforms) = postSolution
		{761A0EE9-608A-4428-80E8-0E65E011C3A8}.Debug|Any CPU.ActiveCfg = Debug|x86
		{761A0EE9-608A-4428-80E8-0E65E011C3A8}.Debug|ARM.ActiveCfg = Debug|x86
		{761A0EE9-608A-4428-80E8-0E65E011C3A8}.Debug|x64.ActiveCfg = Debug|x86
		{761A0EE9-608A-4428-80E8-0E65E011C3A8}.Debug|x86.ActiveCfg = Debug|x86
		{761A0EE9-608A-4428-80E8-0E65E011C3A8}.Debug|x86.Build.0 = Debug|x86
		{761A0EE9-608A-4428-80E8-0E65E011C3A8}.Release|Any CPU.ActiveCfg = Release|x86
		{761A0EE9-608A-4428-80E8-0E65E011C3A8}.Release|ARM.ActiveCfg = Release|x86
		{761A0EE9-608A-4428-80E8-0E65E011C3A8}.Release|x64.ActiveCfg = Release|x86
		{761A0EE9-608A-4428-80E8-0E65E011C3A8}.Release|x86.ActiveCfg = Release|x86
		{761A0EE9-608A-4428-80E8-0E65E011C3A8}.Release|x86.Build.0 = Release|x86
		{41724C52-3D50-45BB-81EB-3C8A247EAFD1}.Debug|Any CPU.ActiveCfg = Debug|Any CPU
		{41724C52-3D50-45BB-81EB-3C8A247EAFD1}.Debug|Any CPU.Build.0 = Debug|Any CPU
		{41724C52-3D50-45BB-81EB-3C8A247EAFD1}.Debug|ARM.ActiveCfg = Debug|Any CPU
		{41724C52-3D50-45BB-81EB-3C8A247EAFD1}.Debug|ARM.Build.0 = Debug|Any CPU
		{41724C52-3D50-45BB-81EB-3C8A247EAFD1}.Debug|x64.ActiveCfg = Debug|Any CPU
		{41724C52-3D50-45BB-81EB-3C8A247EAFD1}.Debug|x64.Build.0 = Debug|Any CPU
		{41724C52-3D50-45BB-81EB-3C8A247EAFD1}.Debug|x86.ActiveCfg = Debug|Any CPU
		{41724C52-3D50-45BB-81EB-3C8A247EAFD1}.Release|Any CPU.ActiveCfg = Release|Any CPU
		{41724C52-3D50-45BB-81EB-3C8A247EAFD1}.Release|Any CPU.Build.0 = Release|Any CPU
		{41724C52-3D50-45BB-81EB-3C8A247EAFD1}.Release|ARM.ActiveCfg = Release|Any CPU
		{41724C52-3D50-45BB-81EB-3C8A247EAFD1}.Release|ARM.Build.0 = Release|Any CPU
		{41724C52-3D50-45BB-81EB-3C8A247EAFD1}.Release|x64.ActiveCfg = Release|Any CPU
		{41724C52-3D50-45BB-81EB-3C8A247EAFD1}.Release|x64.Build.0 = Release|Any CPU
		{41724C52-3D50-45BB-81EB-3C8A247EAFD1}.Release|x86.ActiveCfg = Release|Any CPU
		{41724C52-3D50-45BB-81EB-3C8A247EAFD1}.Release|x86.Build.0 = Release|Any CPU
		{587CE536-216F-41A1-B223-AE502C125B09}.Debug|Any CPU.ActiveCfg = Debug|Any CPU
		{587CE536-216F-41A1-B223-AE502C125B09}.Debug|Any CPU.Build.0 = Debug|Any CPU
		{587CE536-216F-41A1-B223-AE502C125B09}.Debug|ARM.ActiveCfg = Debug|Any CPU
		{587CE536-216F-41A1-B223-AE502C125B09}.Debug|ARM.Build.0 = Debug|Any CPU
		{587CE536-216F-41A1-B223-AE502C125B09}.Debug|x64.ActiveCfg = Debug|Any CPU
		{587CE536-216F-41A1-B223-AE502C125B09}.Debug|x64.Build.0 = Debug|Any CPU
		{587CE536-216F-41A1-B223-AE502C125B09}.Debug|x86.ActiveCfg = Debug|Any CPU
		{587CE536-216F-41A1-B223-AE502C125B09}.Release|Any CPU.ActiveCfg = Release|Any CPU
		{587CE536-216F-41A1-B223-AE502C125B09}.Release|Any CPU.Build.0 = Release|Any CPU
		{587CE536-216F-41A1-B223-AE502C125B09}.Release|ARM.ActiveCfg = Release|Any CPU
		{587CE536-216F-41A1-B223-AE502C125B09}.Release|ARM.Build.0 = Release|Any CPU
		{587CE536-216F-41A1-B223-AE502C125B09}.Release|x64.ActiveCfg = Release|Any CPU
		{587CE536-216F-41A1-B223-AE502C125B09}.Release|x64.Build.0 = Release|Any CPU
		{587CE536-216F-41A1-B223-AE502C125B09}.Release|x86.ActiveCfg = Release|Any CPU
		{587CE536-216F-41A1-B223-AE502C125B09}.Release|x86.Build.0 = Release|Any CPU
		{02562C6F-5BFB-467E-8A95-68B6CE2D635A}.Debug|Any CPU.ActiveCfg = Debug|Any CPU
		{02562C6F-5BFB-467E-8A95-68B6CE2D635A}.Debug|Any CPU.Build.0 = Debug|Any CPU
		{02562C6F-5BFB-467E-8A95-68B6CE2D635A}.Debug|ARM.ActiveCfg = Debug|Any CPU
		{02562C6F-5BFB-467E-8A95-68B6CE2D635A}.Debug|ARM.Build.0 = Debug|Any CPU
		{02562C6F-5BFB-467E-8A95-68B6CE2D635A}.Debug|x64.ActiveCfg = Debug|Any CPU
		{02562C6F-5BFB-467E-8A95-68B6CE2D635A}.Debug|x64.Build.0 = Debug|Any CPU
		{02562C6F-5BFB-467E-8A95-68B6CE2D635A}.Debug|x86.ActiveCfg = Debug|Any CPU
		{02562C6F-5BFB-467E-8A95-68B6CE2D635A}.Release|Any CPU.ActiveCfg = Release|Any CPU
		{02562C6F-5BFB-467E-8A95-68B6CE2D635A}.Release|Any CPU.Build.0 = Release|Any CPU
		{02562C6F-5BFB-467E-8A95-68B6CE2D635A}.Release|ARM.ActiveCfg = Release|Any CPU
		{02562C6F-5BFB-467E-8A95-68B6CE2D635A}.Release|ARM.Build.0 = Release|Any CPU
		{02562C6F-5BFB-467E-8A95-68B6CE2D635A}.Release|x64.ActiveCfg = Release|Any CPU
		{02562C6F-5BFB-467E-8A95-68B6CE2D635A}.Release|x64.Build.0 = Release|Any CPU
		{02562C6F-5BFB-467E-8A95-68B6CE2D635A}.Release|x86.ActiveCfg = Release|Any CPU
		{02562C6F-5BFB-467E-8A95-68B6CE2D635A}.Release|x86.Build.0 = Release|Any CPU
		{35FD1F05-AF04-469A-B37A-F9B36C34401C}.Debug|Any CPU.ActiveCfg = Debug|Any CPU
		{35FD1F05-AF04-469A-B37A-F9B36C34401C}.Debug|Any CPU.Build.0 = Debug|Any CPU
		{35FD1F05-AF04-469A-B37A-F9B36C34401C}.Debug|ARM.ActiveCfg = Debug|Any CPU
		{35FD1F05-AF04-469A-B37A-F9B36C34401C}.Debug|ARM.Build.0 = Debug|Any CPU
		{35FD1F05-AF04-469A-B37A-F9B36C34401C}.Debug|x64.ActiveCfg = Debug|Any CPU
		{35FD1F05-AF04-469A-B37A-F9B36C34401C}.Debug|x64.Build.0 = Debug|Any CPU
		{35FD1F05-AF04-469A-B37A-F9B36C34401C}.Debug|x86.ActiveCfg = Debug|Any CPU
		{35FD1F05-AF04-469A-B37A-F9B36C34401C}.Release|Any CPU.ActiveCfg = Release|Any CPU
		{35FD1F05-AF04-469A-B37A-F9B36C34401C}.Release|Any CPU.Build.0 = Release|Any CPU
		{35FD1F05-AF04-469A-B37A-F9B36C34401C}.Release|ARM.ActiveCfg = Release|Any CPU
		{35FD1F05-AF04-469A-B37A-F9B36C34401C}.Release|ARM.Build.0 = Release|Any CPU
		{35FD1F05-AF04-469A-B37A-F9B36C34401C}.Release|x64.ActiveCfg = Release|Any CPU
		{35FD1F05-AF04-469A-B37A-F9B36C34401C}.Release|x64.Build.0 = Release|Any CPU
		{35FD1F05-AF04-469A-B37A-F9B36C34401C}.Release|x86.ActiveCfg = Release|Any CPU
		{35FD1F05-AF04-469A-B37A-F9B36C34401C}.Release|x86.Build.0 = Release|Any CPU
		{9B3AB8A1-78AA-471A-AFD0-B10B932115BC}.Debug|Any CPU.ActiveCfg = Debug|Any CPU
		{9B3AB8A1-78AA-471A-AFD0-B10B932115BC}.Debug|Any CPU.Build.0 = Debug|Any CPU
		{9B3AB8A1-78AA-471A-AFD0-B10B932115BC}.Debug|ARM.ActiveCfg = Debug|Any CPU
		{9B3AB8A1-78AA-471A-AFD0-B10B932115BC}.Debug|ARM.Build.0 = Debug|Any CPU
		{9B3AB8A1-78AA-471A-AFD0-B10B932115BC}.Debug|x64.ActiveCfg = Debug|Any CPU
		{9B3AB8A1-78AA-471A-AFD0-B10B932115BC}.Debug|x64.Build.0 = Debug|Any CPU
		{9B3AB8A1-78AA-471A-AFD0-B10B932115BC}.Debug|x86.ActiveCfg = Debug|Any CPU
		{9B3AB8A1-78AA-471A-AFD0-B10B932115BC}.Release|Any CPU.ActiveCfg = Release|Any CPU
		{9B3AB8A1-78AA-471A-AFD0-B10B932115BC}.Release|Any CPU.Build.0 = Release|Any CPU
		{9B3AB8A1-78AA-471A-AFD0-B10B932115BC}.Release|ARM.ActiveCfg = Release|Any CPU
		{9B3AB8A1-78AA-471A-AFD0-B10B932115BC}.Release|ARM.Build.0 = Release|Any CPU
		{9B3AB8A1-78AA-471A-AFD0-B10B932115BC}.Release|x64.ActiveCfg = Release|Any CPU
		{9B3AB8A1-78AA-471A-AFD0-B10B932115BC}.Release|x64.Build.0 = Release|Any CPU
		{9B3AB8A1-78AA-471A-AFD0-B10B932115BC}.Release|x86.ActiveCfg = Release|Any CPU
		{9B3AB8A1-78AA-471A-AFD0-B10B932115BC}.Release|x86.Build.0 = Release|Any CPU
		{8E425575-378A-4F83-88C9-F8BEBAD227C9}.Debug|Any CPU.ActiveCfg = Debug|Any CPU
		{8E425575-378A-4F83-88C9-F8BEBAD227C9}.Debug|Any CPU.Build.0 = Debug|Any CPU
		{8E425575-378A-4F83-88C9-F8BEBAD227C9}.Debug|ARM.ActiveCfg = Debug|Any CPU
		{8E425575-378A-4F83-88C9-F8BEBAD227C9}.Debug|ARM.Build.0 = Debug|Any CPU
		{8E425575-378A-4F83-88C9-F8BEBAD227C9}.Debug|x64.ActiveCfg = Debug|Any CPU
		{8E425575-378A-4F83-88C9-F8BEBAD227C9}.Debug|x64.Build.0 = Debug|Any CPU
		{8E425575-378A-4F83-88C9-F8BEBAD227C9}.Debug|x86.ActiveCfg = Debug|Any CPU
		{8E425575-378A-4F83-88C9-F8BEBAD227C9}.Release|Any CPU.ActiveCfg = Release|Any CPU
		{8E425575-378A-4F83-88C9-F8BEBAD227C9}.Release|Any CPU.Build.0 = Release|Any CPU
		{8E425575-378A-4F83-88C9-F8BEBAD227C9}.Release|ARM.ActiveCfg = Release|Any CPU
		{8E425575-378A-4F83-88C9-F8BEBAD227C9}.Release|ARM.Build.0 = Release|Any CPU
		{8E425575-378A-4F83-88C9-F8BEBAD227C9}.Release|x64.ActiveCfg = Release|Any CPU
		{8E425575-378A-4F83-88C9-F8BEBAD227C9}.Release|x64.Build.0 = Release|Any CPU
		{8E425575-378A-4F83-88C9-F8BEBAD227C9}.Release|x86.ActiveCfg = Release|Any CPU
		{8E425575-378A-4F83-88C9-F8BEBAD227C9}.Release|x86.Build.0 = Release|Any CPU
		{49C87598-994C-49B5-BBB3-7FFC342635D3}.Debug|Any CPU.ActiveCfg = Debug|Any CPU
		{49C87598-994C-49B5-BBB3-7FFC342635D3}.Debug|Any CPU.Build.0 = Debug|Any CPU
		{49C87598-994C-49B5-BBB3-7FFC342635D3}.Debug|ARM.ActiveCfg = Debug|Any CPU
		{49C87598-994C-49B5-BBB3-7FFC342635D3}.Debug|ARM.Build.0 = Debug|Any CPU
		{49C87598-994C-49B5-BBB3-7FFC342635D3}.Debug|x64.ActiveCfg = Debug|Any CPU
		{49C87598-994C-49B5-BBB3-7FFC342635D3}.Debug|x64.Build.0 = Debug|Any CPU
		{49C87598-994C-49B5-BBB3-7FFC342635D3}.Debug|x86.ActiveCfg = Debug|Any CPU
		{49C87598-994C-49B5-BBB3-7FFC342635D3}.Release|Any CPU.ActiveCfg = Release|Any CPU
		{49C87598-994C-49B5-BBB3-7FFC342635D3}.Release|Any CPU.Build.0 = Release|Any CPU
		{49C87598-994C-49B5-BBB3-7FFC342635D3}.Release|ARM.ActiveCfg = Release|Any CPU
		{49C87598-994C-49B5-BBB3-7FFC342635D3}.Release|ARM.Build.0 = Release|Any CPU
		{49C87598-994C-49B5-BBB3-7FFC342635D3}.Release|x64.ActiveCfg = Release|Any CPU
		{49C87598-994C-49B5-BBB3-7FFC342635D3}.Release|x64.Build.0 = Release|Any CPU
		{49C87598-994C-49B5-BBB3-7FFC342635D3}.Release|x86.ActiveCfg = Release|Any CPU
		{49C87598-994C-49B5-BBB3-7FFC342635D3}.Release|x86.Build.0 = Release|Any CPU
		{6C8B9E29-D09B-4901-80FD-45AAA35882C6}.Debug|Any CPU.ActiveCfg = Debug|Any CPU
		{6C8B9E29-D09B-4901-80FD-45AAA35882C6}.Debug|Any CPU.Build.0 = Debug|Any CPU
		{6C8B9E29-D09B-4901-80FD-45AAA35882C6}.Debug|ARM.ActiveCfg = Debug|Any CPU
		{6C8B9E29-D09B-4901-80FD-45AAA35882C6}.Debug|ARM.Build.0 = Debug|Any CPU
		{6C8B9E29-D09B-4901-80FD-45AAA35882C6}.Debug|x64.ActiveCfg = Debug|Any CPU
		{6C8B9E29-D09B-4901-80FD-45AAA35882C6}.Debug|x64.Build.0 = Debug|Any CPU
		{6C8B9E29-D09B-4901-80FD-45AAA35882C6}.Debug|x86.ActiveCfg = Debug|Any CPU
		{6C8B9E29-D09B-4901-80FD-45AAA35882C6}.Release|Any CPU.ActiveCfg = Release|Any CPU
		{6C8B9E29-D09B-4901-80FD-45AAA35882C6}.Release|Any CPU.Build.0 = Release|Any CPU
		{6C8B9E29-D09B-4901-80FD-45AAA35882C6}.Release|ARM.ActiveCfg = Release|Any CPU
		{6C8B9E29-D09B-4901-80FD-45AAA35882C6}.Release|ARM.Build.0 = Release|Any CPU
		{6C8B9E29-D09B-4901-80FD-45AAA35882C6}.Release|x64.ActiveCfg = Release|Any CPU
		{6C8B9E29-D09B-4901-80FD-45AAA35882C6}.Release|x64.Build.0 = Release|Any CPU
		{6C8B9E29-D09B-4901-80FD-45AAA35882C6}.Release|x86.ActiveCfg = Release|Any CPU
		{6C8B9E29-D09B-4901-80FD-45AAA35882C6}.Release|x86.Build.0 = Release|Any CPU
		{FE61C3D7-D96D-4AA4-9EF1-17E457BB2C7C}.Debug|Any CPU.ActiveCfg = Debug|Any CPU
		{FE61C3D7-D96D-4AA4-9EF1-17E457BB2C7C}.Debug|Any CPU.Build.0 = Debug|Any CPU
		{FE61C3D7-D96D-4AA4-9EF1-17E457BB2C7C}.Debug|ARM.ActiveCfg = Debug|Any CPU
		{FE61C3D7-D96D-4AA4-9EF1-17E457BB2C7C}.Debug|ARM.Build.0 = Debug|Any CPU
		{FE61C3D7-D96D-4AA4-9EF1-17E457BB2C7C}.Debug|x64.ActiveCfg = Debug|Any CPU
		{FE61C3D7-D96D-4AA4-9EF1-17E457BB2C7C}.Debug|x64.Build.0 = Debug|Any CPU
		{FE61C3D7-D96D-4AA4-9EF1-17E457BB2C7C}.Debug|x86.ActiveCfg = Debug|Any CPU
		{FE61C3D7-D96D-4AA4-9EF1-17E457BB2C7C}.Release|Any CPU.ActiveCfg = Release|Any CPU
		{FE61C3D7-D96D-4AA4-9EF1-17E457BB2C7C}.Release|Any CPU.Build.0 = Release|Any CPU
		{FE61C3D7-D96D-4AA4-9EF1-17E457BB2C7C}.Release|ARM.ActiveCfg = Release|Any CPU
		{FE61C3D7-D96D-4AA4-9EF1-17E457BB2C7C}.Release|ARM.Build.0 = Release|Any CPU
		{FE61C3D7-D96D-4AA4-9EF1-17E457BB2C7C}.Release|x64.ActiveCfg = Release|Any CPU
		{FE61C3D7-D96D-4AA4-9EF1-17E457BB2C7C}.Release|x64.Build.0 = Release|Any CPU
		{FE61C3D7-D96D-4AA4-9EF1-17E457BB2C7C}.Release|x86.ActiveCfg = Release|Any CPU
		{FE61C3D7-D96D-4AA4-9EF1-17E457BB2C7C}.Release|x86.Build.0 = Release|Any CPU
		{07B2ADE2-73E3-41C4-AEA1-D5566A5AB902}.Debug|Any CPU.ActiveCfg = Debug|Any CPU
		{07B2ADE2-73E3-41C4-AEA1-D5566A5AB902}.Debug|Any CPU.Build.0 = Debug|Any CPU
		{07B2ADE2-73E3-41C4-AEA1-D5566A5AB902}.Debug|ARM.ActiveCfg = Debug|Any CPU
		{07B2ADE2-73E3-41C4-AEA1-D5566A5AB902}.Debug|ARM.Build.0 = Debug|Any CPU
		{07B2ADE2-73E3-41C4-AEA1-D5566A5AB902}.Debug|x64.ActiveCfg = Debug|Any CPU
		{07B2ADE2-73E3-41C4-AEA1-D5566A5AB902}.Debug|x64.Build.0 = Debug|Any CPU
		{07B2ADE2-73E3-41C4-AEA1-D5566A5AB902}.Debug|x86.ActiveCfg = Debug|Any CPU
		{07B2ADE2-73E3-41C4-AEA1-D5566A5AB902}.Release|Any CPU.ActiveCfg = Release|Any CPU
		{07B2ADE2-73E3-41C4-AEA1-D5566A5AB902}.Release|Any CPU.Build.0 = Release|Any CPU
		{07B2ADE2-73E3-41C4-AEA1-D5566A5AB902}.Release|ARM.ActiveCfg = Release|Any CPU
		{07B2ADE2-73E3-41C4-AEA1-D5566A5AB902}.Release|ARM.Build.0 = Release|Any CPU
		{07B2ADE2-73E3-41C4-AEA1-D5566A5AB902}.Release|x64.ActiveCfg = Release|Any CPU
		{07B2ADE2-73E3-41C4-AEA1-D5566A5AB902}.Release|x64.Build.0 = Release|Any CPU
		{07B2ADE2-73E3-41C4-AEA1-D5566A5AB902}.Release|x86.ActiveCfg = Release|Any CPU
		{07B2ADE2-73E3-41C4-AEA1-D5566A5AB902}.Release|x86.Build.0 = Release|Any CPU
		{1CF61F4F-A2EE-49BF-95D0-379E870DE90E}.Debug|Any CPU.ActiveCfg = Debug|Any CPU
		{1CF61F4F-A2EE-49BF-95D0-379E870DE90E}.Debug|Any CPU.Build.0 = Debug|Any CPU
		{1CF61F4F-A2EE-49BF-95D0-379E870DE90E}.Debug|ARM.ActiveCfg = Debug|Any CPU
		{1CF61F4F-A2EE-49BF-95D0-379E870DE90E}.Debug|ARM.Build.0 = Debug|Any CPU
		{1CF61F4F-A2EE-49BF-95D0-379E870DE90E}.Debug|x64.ActiveCfg = Debug|Any CPU
		{1CF61F4F-A2EE-49BF-95D0-379E870DE90E}.Debug|x64.Build.0 = Debug|Any CPU
		{1CF61F4F-A2EE-49BF-95D0-379E870DE90E}.Debug|x86.ActiveCfg = Debug|Any CPU
		{1CF61F4F-A2EE-49BF-95D0-379E870DE90E}.Release|Any CPU.ActiveCfg = Release|Any CPU
		{1CF61F4F-A2EE-49BF-95D0-379E870DE90E}.Release|Any CPU.Build.0 = Release|Any CPU
		{1CF61F4F-A2EE-49BF-95D0-379E870DE90E}.Release|ARM.ActiveCfg = Release|Any CPU
		{1CF61F4F-A2EE-49BF-95D0-379E870DE90E}.Release|ARM.Build.0 = Release|Any CPU
		{1CF61F4F-A2EE-49BF-95D0-379E870DE90E}.Release|x64.ActiveCfg = Release|Any CPU
		{1CF61F4F-A2EE-49BF-95D0-379E870DE90E}.Release|x64.Build.0 = Release|Any CPU
		{1CF61F4F-A2EE-49BF-95D0-379E870DE90E}.Release|x86.ActiveCfg = Release|Any CPU
		{1CF61F4F-A2EE-49BF-95D0-379E870DE90E}.Release|x86.Build.0 = Release|Any CPU
		{1DD7D455-8710-44A5-B275-8606EB78D80E}.Debug|Any CPU.ActiveCfg = Debug|Any CPU
		{1DD7D455-8710-44A5-B275-8606EB78D80E}.Debug|Any CPU.Build.0 = Debug|Any CPU
		{1DD7D455-8710-44A5-B275-8606EB78D80E}.Debug|ARM.ActiveCfg = Debug|Any CPU
		{1DD7D455-8710-44A5-B275-8606EB78D80E}.Debug|ARM.Build.0 = Debug|Any CPU
		{1DD7D455-8710-44A5-B275-8606EB78D80E}.Debug|x64.ActiveCfg = Debug|Any CPU
		{1DD7D455-8710-44A5-B275-8606EB78D80E}.Debug|x64.Build.0 = Debug|Any CPU
		{1DD7D455-8710-44A5-B275-8606EB78D80E}.Debug|x86.ActiveCfg = Debug|Any CPU
		{1DD7D455-8710-44A5-B275-8606EB78D80E}.Release|Any CPU.ActiveCfg = Release|Any CPU
		{1DD7D455-8710-44A5-B275-8606EB78D80E}.Release|Any CPU.Build.0 = Release|Any CPU
		{1DD7D455-8710-44A5-B275-8606EB78D80E}.Release|ARM.ActiveCfg = Release|Any CPU
		{1DD7D455-8710-44A5-B275-8606EB78D80E}.Release|ARM.Build.0 = Release|Any CPU
		{1DD7D455-8710-44A5-B275-8606EB78D80E}.Release|x64.ActiveCfg = Release|Any CPU
		{1DD7D455-8710-44A5-B275-8606EB78D80E}.Release|x64.Build.0 = Release|Any CPU
		{1DD7D455-8710-44A5-B275-8606EB78D80E}.Release|x86.ActiveCfg = Release|Any CPU
		{1DD7D455-8710-44A5-B275-8606EB78D80E}.Release|x86.Build.0 = Release|Any CPU
		{668FFB7F-8DE2-4704-989D-443B1D77E20A}.Debug|Any CPU.ActiveCfg = Debug|Any CPU
		{668FFB7F-8DE2-4704-989D-443B1D77E20A}.Debug|Any CPU.Build.0 = Debug|Any CPU
		{668FFB7F-8DE2-4704-989D-443B1D77E20A}.Debug|ARM.ActiveCfg = Debug|Any CPU
		{668FFB7F-8DE2-4704-989D-443B1D77E20A}.Debug|ARM.Build.0 = Debug|Any CPU
		{668FFB7F-8DE2-4704-989D-443B1D77E20A}.Debug|x64.ActiveCfg = Debug|Any CPU
		{668FFB7F-8DE2-4704-989D-443B1D77E20A}.Debug|x64.Build.0 = Debug|Any CPU
		{668FFB7F-8DE2-4704-989D-443B1D77E20A}.Debug|x86.ActiveCfg = Debug|Any CPU
		{668FFB7F-8DE2-4704-989D-443B1D77E20A}.Debug|x86.Build.0 = Debug|Any CPU
		{668FFB7F-8DE2-4704-989D-443B1D77E20A}.Release|Any CPU.ActiveCfg = Release|Any CPU
		{668FFB7F-8DE2-4704-989D-443B1D77E20A}.Release|Any CPU.Build.0 = Release|Any CPU
		{668FFB7F-8DE2-4704-989D-443B1D77E20A}.Release|ARM.ActiveCfg = Release|Any CPU
		{668FFB7F-8DE2-4704-989D-443B1D77E20A}.Release|ARM.Build.0 = Release|Any CPU
		{668FFB7F-8DE2-4704-989D-443B1D77E20A}.Release|x64.ActiveCfg = Release|Any CPU
		{668FFB7F-8DE2-4704-989D-443B1D77E20A}.Release|x64.Build.0 = Release|Any CPU
		{668FFB7F-8DE2-4704-989D-443B1D77E20A}.Release|x86.ActiveCfg = Release|Any CPU
		{668FFB7F-8DE2-4704-989D-443B1D77E20A}.Release|x86.Build.0 = Release|Any CPU
		{F4F4BA08-2CED-4B59-AF67-9070EE8B3A87}.Debug|Any CPU.ActiveCfg = Debug|x86
		{F4F4BA08-2CED-4B59-AF67-9070EE8B3A87}.Debug|ARM.ActiveCfg = Debug|x86
		{F4F4BA08-2CED-4B59-AF67-9070EE8B3A87}.Debug|x64.ActiveCfg = Debug|x86
		{F4F4BA08-2CED-4B59-AF67-9070EE8B3A87}.Debug|x86.ActiveCfg = Debug|x86
		{F4F4BA08-2CED-4B59-AF67-9070EE8B3A87}.Release|Any CPU.ActiveCfg = Release|x86
		{F4F4BA08-2CED-4B59-AF67-9070EE8B3A87}.Release|ARM.ActiveCfg = Release|x86
		{F4F4BA08-2CED-4B59-AF67-9070EE8B3A87}.Release|x64.ActiveCfg = Release|x86
		{F4F4BA08-2CED-4B59-AF67-9070EE8B3A87}.Release|x86.ActiveCfg = Release|x86
		{F4F4BA08-2CED-4B59-AF67-9070EE8B3A87}.Release|x86.Build.0 = Release|x86
		{58FDD9BC-9A26-48B2-81DF-92B578AF7E38}.Debug|Any CPU.ActiveCfg = Debug|x86
		{58FDD9BC-9A26-48B2-81DF-92B578AF7E38}.Debug|ARM.ActiveCfg = Debug|ARM
		{58FDD9BC-9A26-48B2-81DF-92B578AF7E38}.Debug|ARM.Build.0 = Debug|ARM
		{58FDD9BC-9A26-48B2-81DF-92B578AF7E38}.Debug|ARM.Deploy.0 = Debug|ARM
		{58FDD9BC-9A26-48B2-81DF-92B578AF7E38}.Debug|x64.ActiveCfg = Debug|x64
		{58FDD9BC-9A26-48B2-81DF-92B578AF7E38}.Debug|x64.Build.0 = Debug|x64
		{58FDD9BC-9A26-48B2-81DF-92B578AF7E38}.Debug|x64.Deploy.0 = Debug|x64
		{58FDD9BC-9A26-48B2-81DF-92B578AF7E38}.Debug|x86.ActiveCfg = Debug|x86
		{58FDD9BC-9A26-48B2-81DF-92B578AF7E38}.Debug|x86.Build.0 = Debug|x86
		{58FDD9BC-9A26-48B2-81DF-92B578AF7E38}.Debug|x86.Deploy.0 = Debug|x86
		{58FDD9BC-9A26-48B2-81DF-92B578AF7E38}.Release|Any CPU.ActiveCfg = Release|x86
		{58FDD9BC-9A26-48B2-81DF-92B578AF7E38}.Release|ARM.ActiveCfg = Release|ARM
		{58FDD9BC-9A26-48B2-81DF-92B578AF7E38}.Release|ARM.Build.0 = Release|ARM
		{58FDD9BC-9A26-48B2-81DF-92B578AF7E38}.Release|ARM.Deploy.0 = Release|ARM
		{58FDD9BC-9A26-48B2-81DF-92B578AF7E38}.Release|x64.ActiveCfg = Release|x64
		{58FDD9BC-9A26-48B2-81DF-92B578AF7E38}.Release|x64.Build.0 = Release|x64
		{58FDD9BC-9A26-48B2-81DF-92B578AF7E38}.Release|x64.Deploy.0 = Release|x64
		{58FDD9BC-9A26-48B2-81DF-92B578AF7E38}.Release|x86.ActiveCfg = Release|x86
		{58FDD9BC-9A26-48B2-81DF-92B578AF7E38}.Release|x86.Build.0 = Release|x86
		{58FDD9BC-9A26-48B2-81DF-92B578AF7E38}.Release|x86.Deploy.0 = Release|x86
	EndGlobalSection
	GlobalSection(SolutionProperties) = preSolution
		HideSolutionNode = FALSE
	EndGlobalSection
	GlobalSection(NestedProjects) = preSolution
		{761A0EE9-608A-4428-80E8-0E65E011C3A8} = {8ABCC8B0-B5AC-438E-BDC2-3BF6C72B282B}
		{41724C52-3D50-45BB-81EB-3C8A247EAFD1} = {78FD5ACC-C789-428C-9B9F-BE28F7486063}
		{587CE536-216F-41A1-B223-AE502C125B09} = {78FD5ACC-C789-428C-9B9F-BE28F7486063}
		{02562C6F-5BFB-467E-8A95-68B6CE2D635A} = {78FD5ACC-C789-428C-9B9F-BE28F7486063}
		{35FD1F05-AF04-469A-B37A-F9B36C34401C} = {78FD5ACC-C789-428C-9B9F-BE28F7486063}
		{9B3AB8A1-78AA-471A-AFD0-B10B932115BC} = {78FD5ACC-C789-428C-9B9F-BE28F7486063}
		{8E425575-378A-4F83-88C9-F8BEBAD227C9} = {78FD5ACC-C789-428C-9B9F-BE28F7486063}
		{49C87598-994C-49B5-BBB3-7FFC342635D3} = {78FD5ACC-C789-428C-9B9F-BE28F7486063}
		{6C8B9E29-D09B-4901-80FD-45AAA35882C6} = {78FD5ACC-C789-428C-9B9F-BE28F7486063}
		{FE61C3D7-D96D-4AA4-9EF1-17E457BB2C7C} = {78FD5ACC-C789-428C-9B9F-BE28F7486063}
		{07B2ADE2-73E3-41C4-AEA1-D5566A5AB902} = {78FD5ACC-C789-428C-9B9F-BE28F7486063}
		{1CF61F4F-A2EE-49BF-95D0-379E870DE90E} = {78FD5ACC-C789-428C-9B9F-BE28F7486063}
		{1DD7D455-8710-44A5-B275-8606EB78D80E} = {78FD5ACC-C789-428C-9B9F-BE28F7486063}
		{F4F4BA08-2CED-4B59-AF67-9070EE8B3A87} = {78FD5ACC-C789-428C-9B9F-BE28F7486063}
		{58FDD9BC-9A26-48B2-81DF-92B578AF7E38} = {8ABCC8B0-B5AC-438E-BDC2-3BF6C72B282B}
	EndGlobalSection
	GlobalSection(ExtensibilityGlobals) = postSolution
		SolutionGuid = {A42FD682-4762-4709-A8CC-B2E25FF81732}
	EndGlobalSection
EndGlobal
