
Microsoft Visual Studio Solution File, Format Version 12.00
# Visual Studio Version 16
VisualStudioVersion = 16.0.29009.5
MinimumVisualStudioVersion = 10.0.40219.1
Project("{FAE04EC0-301F-11D3-BF4B-00C04F79EFBC}") = "RogueLite", "RogueLite.csproj", "{52C9AF3F-7B26-4F13-B75D-3C8F27B3EFD6}"
EndProject
Project("{FAE04EC0-301F-11D3-BF4B-00C04F79EFBC}") = "SpriteConfig", "..\SpriteConfig\SpriteConfig.csproj", "{1029EDF2-B291-4EC8-B397-4FAA161F52AE}"
EndProject
Global
	GlobalSection(SolutionConfigurationPlatforms) = preSolution
		Debug|Any CPU = Debug|Any CPU
		Release|Any CPU = Release|Any CPU
	EndGlobalSection
	GlobalSection(ProjectConfigurationPlatforms) = postSolution
		{52C9AF3F-7B26-4F13-B75D-3C8F27B3EFD6}.Debug|Any CPU.ActiveCfg = Debug|Any CPU
		{52C9AF3F-7B26-4F13-B75D-3C8F27B3EFD6}.Debug|Any CPU.Build.0 = Debug|Any CPU
		{52C9AF3F-7B26-4F13-B75D-3C8F27B3EFD6}.Release|Any CPU.ActiveCfg = Release|Any CPU
		{52C9AF3F-7B26-4F13-B75D-3C8F27B3EFD6}.Release|Any CPU.Build.0 = Release|Any CPU
		{1029EDF2-B291-4EC8-B397-4FAA161F52AE}.Debug|Any CPU.ActiveCfg = Debug|Any CPU
		{1029EDF2-B291-4EC8-B397-4FAA161F52AE}.Debug|Any CPU.Build.0 = Debug|Any CPU
		{1029EDF2-B291-4EC8-B397-4FAA161F52AE}.Release|Any CPU.ActiveCfg = Release|Any CPU
		{1029EDF2-B291-4EC8-B397-4FAA161F52AE}.Release|Any CPU.Build.0 = Release|Any CPU
	EndGlobalSection
	GlobalSection(SolutionProperties) = preSolution
		HideSolutionNode = FALSE
	EndGlobalSection
	GlobalSection(ExtensibilityGlobals) = postSolution
		SolutionGuid = {6AF54953-7446-4B5A-98B9-52B5A4732391}
	EndGlobalSection
EndGlobal
